{
  "name": "dat-schema-validator",
  "lockfileVersion": 3,
  "requires": true,
  "packages": {
    "": {
      "dependencies": {
        "csv-parse": "^5.5.0",
        "csv-stringify": "^6.4.2",
        "pathofexile-dat": "^8.0.0"
      },
      "devDependencies": {
        "@types/node": "^20.5.9"
      }
    },
    "node_modules/@types/node": {
      "version": "20.5.9",
      "resolved": "https://registry.npmjs.org/@types/node/-/node-20.5.9.tgz",
      "integrity": "sha512-PcGNd//40kHAS3sTlzKB9C9XL4K0sTup8nbG5lC14kzEteTNuAFh9u5nA0o5TWnSG2r/JNPRXFVcHJIIeRlmqQ==",
      "dev": true
    },
    "node_modules/csv-parse": {
      "version": "5.5.0",
      "resolved": "https://registry.npmjs.org/csv-parse/-/csv-parse-5.5.0.tgz",
      "integrity": "sha512-RxruSK3M4XgzcD7Trm2wEN+SJ26ChIb903+IWxNOcB5q4jT2Cs+hFr6QP39J05EohshRFEvyzEBoZ/466S2sbw=="
    },
    "node_modules/csv-stringify": {
      "version": "6.4.2",
      "resolved": "https://registry.npmjs.org/csv-stringify/-/csv-stringify-6.4.2.tgz",
      "integrity": "sha512-DXIdnnCUQYjDKTu6TgCSzRDiAuLxDjhl4ErFP9FGMF3wzBGOVMg9bZTLaUcYtuvhXgNbeXPKeaRfpgyqE4xySw=="
    },
    "node_modules/ooz-wasm": {
      "version": "1.0.1",
      "resolved": "https://registry.npmjs.org/ooz-wasm/-/ooz-wasm-1.0.1.tgz",
      "integrity": "sha512-YprakwWwn4flT9NU/ipBw/ajQwq6Z+sdPy3DsuUKSpdXkfFEI8WWaLC/SvzAKacKwyOrbkzR5oKeKYOvM8oRaw=="
    },
    "node_modules/pathofexile-dat": {
      "version": "8.0.0",
      "resolved": "https://registry.npmjs.org/pathofexile-dat/-/pathofexile-dat-8.0.0.tgz",
      "integrity": "sha512-4RThYvjkkcG8MyC5MOs7Ej2QZvYTY3HscKq55N4hSdSo8N1/XxgpZDGPy0keqJMOf5b0W67mNos+5HS6F140ow==",
      "dependencies": {
        "ooz-wasm": "^1.0.0",
        "pathofexile-dat-schema": "^3.0.0"
      },
      "bin": {
        "pathofexile-dat": "dist/cli/run.js"
      },
      "engines": {
        "node": ">=18.0.0"
      }
    },
    "node_modules/pathofexile-dat-schema": {
      "version": "3.0.0",
      "resolved": "https://registry.npmjs.org/pathofexile-dat-schema/-/pathofexile-dat-schema-3.0.0.tgz",
      "integrity": "sha512-j9Fg0SCHZMVN4Qke3S4f2d7HqBshFdUT/nvUQgQ3GcbMseeuS7dm+l84WbzHCZcZSSHPIwHttMYq5GsUurM74Q=="
    }
  }
}
