{
  "name": "dat-schema-validator",
  "lockfileVersion": 3,
  "requires": true,
  "packages": {
    "": {
      "dependencies": {
        "csv-stringify": "^6.4.0",
        "pathofexile-dat": "^8.0.0"
      },
      "devDependencies": {
        "@types/node": "^20.4.10"
      }
    },
    "node_modules/@types/node": {
      "version": "20.4.10",
      "resolved": "https://registry.npmjs.org/@types/node/-/node-20.4.10.tgz",
      "integrity": "sha512-vwzFiiy8Rn6E0MtA13/Cxxgpan/N6UeNYR9oUu6kuJWxu6zCk98trcDp8CBhbtaeuq9SykCmXkFr2lWLoPcvLg==",
      "dev": true
    },
    "node_modules/csv-stringify": {
      "version": "6.4.0",
      "resolved": "https://registry.npmjs.org/csv-stringify/-/csv-stringify-6.4.0.tgz",
      "integrity": "sha512-HQsw0QXiN5fdlO+R8/JzCZnR3Fqp8E87YVnhHlaPtNGJjt6ffbV0LpOkieIb1x6V1+xt878IYq77SpXHWAqKkA=="
    },
    "node_modules/ooz-wasm": {
      "version": "1.0.1",
      "resolved": "https://registry.npmjs.org/ooz-wasm/-/ooz-wasm-1.0.1.tgz",
      "integrity": "sha512-YprakwWwn4flT9NU/ipBw/ajQwq6Z+sdPy3DsuUKSpdXkfFEI8WWaLC/SvzAKacKwyOrbkzR5oKeKYOvM8oRaw=="
    },
    "node_modules/pathofexile-dat": {
      "version": "8.0.0",
      "resolved": "https://registry.npmjs.org/pathofexile-dat/-/pathofexile-dat-8.0.0.tgz",
      "integrity": "sha512-4RThYvjkkcG8MyC5MOs7Ej2QZvYTY3HscKq55N4hSdSo8N1/XxgpZDGPy0keqJMOf5b0W67mNos+5HS6F140ow==",
      "dependencies": {
        "ooz-wasm": "^1.0.0",
        "pathofexile-dat-schema": "^3.0.0"
      },
      "bin": {
        "pathofexile-dat": "dist/cli/run.js"
      },
      "engines": {
        "node": ">=18.0.0"
      }
    },
    "node_modules/pathofexile-dat-schema": {
      "version": "3.0.0",
      "resolved": "https://registry.npmjs.org/pathofexile-dat-schema/-/pathofexile-dat-schema-3.0.0.tgz",
      "integrity": "sha512-j9Fg0SCHZMVN4Qke3S4f2d7HqBshFdUT/nvUQgQ3GcbMseeuS7dm+l84WbzHCZcZSSHPIwHttMYq5GsUurM74Q=="
    }
  }
}
